Microsoft Visual Studio Solution File, Format Version 12.00
# Visual Studio Version 17
VisualStudioVersion = 17.5.2.0
MinimumVisualStudioVersion = 10.0.40219.1
Project("{FAE04EC0-301F-11D3-BF4B-00C04F79EFBC}") = "AgendaContato", "Program\AgendaContato.csproj", "{018AA3C8-8A44-4914-1A82-58AFD84ED302}"
EndProject
Global
	GlobalSection(SolutionConfigurationPlatforms) = preSolution
		Debug|Any CPU = Debug|Any CPU
		Release|Any CPU = Release|Any CPU
	EndGlobalSection
	GlobalSection(ProjectConfigurationPlatforms) = postSolution
		{018AA3C8-8A44-4914-1A82-58AFD84ED302}.Debug|Any CPU.ActiveCfg = Debug|Any CPU
		{018AA3C8-8A44-4914-1A82-58AFD84ED302}.Debug|Any CPU.Build.0 = Debug|Any CPU
		{018AA3C8-8A44-4914-1A82-58AFD84ED302}.Release|Any CPU.ActiveCfg = Release|Any CPU
		{018AA3C8-8A44-4914-1A82-58AFD84ED302}.Release|Any CPU.Build.0 = Release|Any CPU
	EndGlobalSection
	GlobalSection(SolutionProperties) = preSolution
		HideSolutionNode = FALSE
	EndGlobalSection
	GlobalSection(ExtensibilityGlobals) = postSolution
		SolutionGuid = {8A05623D-7FB8-4D89-A6BB-4D1913AF895C}
	EndGlobalSection
EndGlobal
